# This file is autogenerated, do not edit; changes may be undone by the next 'dep ensure'.


[[projects]]
  branch = "master"
  name = "golang.org/x/net"
  packages = ["context"]
  revision = "a680a1efc54dd51c040b3b5ce4939ea3cf2ea0d1"

[solve-meta]
  analyzer-name = "dep"
  analyzer-version = 1
  inputs-digest = "2dba7e6b1b104b611436f5c0f695da66b4311e708cb9c51ed87246ca5fffce0d"
  solver-name = "gps-cdcl"
  solver-version = 1
